
Microsoft Visual Studio Solution File, Format Version 12.00
# Visual Studio Version 17
VisualStudioVersion = 17.3.32804.467
MinimumVisualStudioVersion = 10.0.40219.1
Project("{FAE04EC0-301F-11D3-BF4B-00C04F79EFBC}") = "WindowsFormsApp18", "WindowsFormsApp18.csproj", "{CB6F718C-5F2D-4E57-A1EC-7D794BAC8240}"
EndProject
Global
	GlobalSection(SolutionConfigurationPlatforms) = preSolution
		Debug|Any CPU = Debug|Any CPU
		Release|Any CPU = Release|Any CPU
	EndGlobalSection
	GlobalSection(ProjectConfigurationPlatforms) = postSolution
		{CB6F718C-5F2D-4E57-A1EC-7D794BAC8240}.Debug|Any CPU.ActiveCfg = Debug|Any CPU
		{CB6F718C-5F2D-4E57-A1EC-7D794BAC8240}.Debug|Any CPU.Build.0 = Debug|Any CPU
		{CB6F718C-5F2D-4E57-A1EC-7D794BAC8240}.Release|Any CPU.ActiveCfg = Release|Any CPU
		{CB6F718C-5F2D-4E57-A1EC-7D794BAC8240}.Release|Any CPU.Build.0 = Release|Any CPU
	EndGlobalSection
	GlobalSection(SolutionProperties) = preSolution
		HideSolutionNode = FALSE
	EndGlobalSection
	GlobalSection(ExtensibilityGlobals) = postSolution
		SolutionGuid = {07907D58-16F9-46BC-A14E-6968C5D93111}
	EndGlobalSection
EndGlobal
